
Microsoft Visual Studio Solution File, Format Version 12.00
# Visual Studio 15
VisualStudioVersion = 15.0.28307.136
MinimumVisualStudioVersion = 10.0.40219.1
Project("{9A19103F-16F7-4668-BE54-9A1E7A4F7556}") = "CurrencyRate.Api", "CurrencyRate.Api\CurrencyRate.Api.csproj", "{73D50511-FECA-444F-9223-0FD22D72D17D}"
EndProject
Project("{9A19103F-16F7-4668-BE54-9A1E7A4F7556}") = "CurrencyRate.Dal.Abstractions", "CurrencyRate.Dal.Abstractions\CurrencyRate.Dal.Abstractions.csproj", "{30A981C3-CF5E-4E2C-85DE-26F8FBECF2DF}"
EndProject
Project("{9A19103F-16F7-4668-BE54-9A1E7A4F7556}") = "CurrencyRate.Dal.Ef", "CurrencyRate.Dal.Ef\CurrencyRate.Dal.Ef.csproj", "{7B52FA65-824A-48CC-83A2-D586BD1552DB}"
EndProject
Project("{9A19103F-16F7-4668-BE54-9A1E7A4F7556}") = "CurrencyRate.Abstractions", "CurrencyRate.Abstractions\CurrencyRate.Abstractions.csproj", "{483189C4-F0DD-4D39-B013-49FAF477840F}"
EndProject
Project("{9A19103F-16F7-4668-BE54-9A1E7A4F7556}") = "CurrencyRate.Domain", "CurrencyRate.Domain\CurrencyRate.Domain.csproj", "{EF0A17CA-B846-44E6-A350-F94BFCB44690}"
EndProject
Project("{9A19103F-16F7-4668-BE54-9A1E7A4F7556}") = "CurrencyRate.Common", "CurrencyRate.Common\CurrencyRate.Common.csproj", "{1FCF7A0D-3AF4-4B29-B415-3F5E72940FC0}"
EndProject
Project("{9A19103F-16F7-4668-BE54-9A1E7A4F7556}") = "CurrencyRate.HistoricalDataService", "CurrencyRate.HistoricalDataService\CurrencyRate.HistoricalDataService.csproj", "{6BD0BD54-13B8-4273-8739-0F300D21DBE8}"
EndProject
Project("{9A19103F-16F7-4668-BE54-9A1E7A4F7556}") = "CurrencyRate.Cnb", "CurrencyRate.Cnb\CurrencyRate.Cnb.csproj", "{88164D36-5663-4960-B3C4-2AFB57216992}"
EndProject
Project("{9A19103F-16F7-4668-BE54-9A1E7A4F7556}") = "CurrencyRate.Cnb.Test", "CurrencyRate.Cnb.Test\CurrencyRate.Cnb.Test.csproj", "{614EFC33-F8B0-4F6F-BC52-F84996CA4A33}"
EndProject
Project("{FAE04EC0-301F-11D3-BF4B-00C04F79EFBC}") = "CurrencyRate.DailyRateService", "CurrencyRate.DailyRateService\CurrencyRate.DailyRateService.csproj", "{A8B4FF14-A336-4D57-BE12-B300036664FE}"
EndProject
Project("{FAE04EC0-301F-11D3-BF4B-00C04F79EFBC}") = "CurrencyRate.DailyRateService.Test", "CurrencyRate.DailyRateService.Test\CurrencyRate.DailyRateService.Test.csproj", "{64204BCB-A181-4ABE-961B-51DC5C7CC32A}"
EndProject
Global
	GlobalSection(SolutionConfigurationPlatforms) = preSolution
		Debug|Any CPU = Debug|Any CPU
		Release|Any CPU = Release|Any CPU
	EndGlobalSection
	GlobalSection(ProjectConfigurationPlatforms) = postSolution
		{73D50511-FECA-444F-9223-0FD22D72D17D}.Debug|Any CPU.ActiveCfg = Debug|Any CPU
		{73D50511-FECA-444F-9223-0FD22D72D17D}.Debug|Any CPU.Build.0 = Debug|Any CPU
		{73D50511-FECA-444F-9223-0FD22D72D17D}.Release|Any CPU.ActiveCfg = Release|Any CPU
		{73D50511-FECA-444F-9223-0FD22D72D17D}.Release|Any CPU.Build.0 = Release|Any CPU
		{30A981C3-CF5E-4E2C-85DE-26F8FBECF2DF}.Debug|Any CPU.ActiveCfg = Debug|Any CPU
		{30A981C3-CF5E-4E2C-85DE-26F8FBECF2DF}.Debug|Any CPU.Build.0 = Debug|Any CPU
		{30A981C3-CF5E-4E2C-85DE-26F8FBECF2DF}.Release|Any CPU.ActiveCfg = Release|Any CPU
		{30A981C3-CF5E-4E2C-85DE-26F8FBECF2DF}.Release|Any CPU.Build.0 = Release|Any CPU
		{7B52FA65-824A-48CC-83A2-D586BD1552DB}.Debug|Any CPU.ActiveCfg = Debug|Any CPU
		{7B52FA65-824A-48CC-83A2-D586BD1552DB}.Debug|Any CPU.Build.0 = Debug|Any CPU
		{7B52FA65-824A-48CC-83A2-D586BD1552DB}.Release|Any CPU.ActiveCfg = Release|Any CPU
		{7B52FA65-824A-48CC-83A2-D586BD1552DB}.Release|Any CPU.Build.0 = Release|Any CPU
		{483189C4-F0DD-4D39-B013-49FAF477840F}.Debug|Any CPU.ActiveCfg = Debug|Any CPU
		{483189C4-F0DD-4D39-B013-49FAF477840F}.Debug|Any CPU.Build.0 = Debug|Any CPU
		{483189C4-F0DD-4D39-B013-49FAF477840F}.Release|Any CPU.ActiveCfg = Release|Any CPU
		{483189C4-F0DD-4D39-B013-49FAF477840F}.Release|Any CPU.Build.0 = Release|Any CPU
		{EF0A17CA-B846-44E6-A350-F94BFCB44690}.Debug|Any CPU.ActiveCfg = Debug|Any CPU
		{EF0A17CA-B846-44E6-A350-F94BFCB44690}.Debug|Any CPU.Build.0 = Debug|Any CPU
		{EF0A17CA-B846-44E6-A350-F94BFCB44690}.Release|Any CPU.ActiveCfg = Release|Any CPU
		{EF0A17CA-B846-44E6-A350-F94BFCB44690}.Release|Any CPU.Build.0 = Release|Any CPU
		{1FCF7A0D-3AF4-4B29-B415-3F5E72940FC0}.Debug|Any CPU.ActiveCfg = Debug|Any CPU
		{1FCF7A0D-3AF4-4B29-B415-3F5E72940FC0}.Debug|Any CPU.Build.0 = Debug|Any CPU
		{1FCF7A0D-3AF4-4B29-B415-3F5E72940FC0}.Release|Any CPU.ActiveCfg = Release|Any CPU
		{1FCF7A0D-3AF4-4B29-B415-3F5E72940FC0}.Release|Any CPU.Build.0 = Release|Any CPU
		{6BD0BD54-13B8-4273-8739-0F300D21DBE8}.Debug|Any CPU.ActiveCfg = Debug|Any CPU
		{6BD0BD54-13B8-4273-8739-0F300D21DBE8}.Debug|Any CPU.Build.0 = Debug|Any CPU
		{6BD0BD54-13B8-4273-8739-0F300D21DBE8}.Release|Any CPU.ActiveCfg = Release|Any CPU
		{6BD0BD54-13B8-4273-8739-0F300D21DBE8}.Release|Any CPU.Build.0 = Release|Any CPU
		{88164D36-5663-4960-B3C4-2AFB57216992}.Debug|Any CPU.ActiveCfg = Debug|Any CPU
		{88164D36-5663-4960-B3C4-2AFB57216992}.Debug|Any CPU.Build.0 = Debug|Any CPU
		{88164D36-5663-4960-B3C4-2AFB57216992}.Release|Any CPU.ActiveCfg = Release|Any CPU
		{88164D36-5663-4960-B3C4-2AFB57216992}.Release|Any CPU.Build.0 = Release|Any CPU
		{614EFC33-F8B0-4F6F-BC52-F84996CA4A33}.Debug|Any CPU.ActiveCfg = Debug|Any CPU
		{614EFC33-F8B0-4F6F-BC52-F84996CA4A33}.Debug|Any CPU.Build.0 = Debug|Any CPU
		{614EFC33-F8B0-4F6F-BC52-F84996CA4A33}.Release|Any CPU.ActiveCfg = Release|Any CPU
		{614EFC33-F8B0-4F6F-BC52-F84996CA4A33}.Release|Any CPU.Build.0 = Release|Any CPU
		{A8B4FF14-A336-4D57-BE12-B300036664FE}.Debug|Any CPU.ActiveCfg = Debug|Any CPU
		{A8B4FF14-A336-4D57-BE12-B300036664FE}.Debug|Any CPU.Build.0 = Debug|Any CPU
		{A8B4FF14-A336-4D57-BE12-B300036664FE}.Release|Any CPU.ActiveCfg = Release|Any CPU
		{A8B4FF14-A336-4D57-BE12-B300036664FE}.Release|Any CPU.Build.0 = Release|Any CPU
		{64204BCB-A181-4ABE-961B-51DC5C7CC32A}.Debug|Any CPU.ActiveCfg = Debug|Any CPU
		{64204BCB-A181-4ABE-961B-51DC5C7CC32A}.Debug|Any CPU.Build.0 = Debug|Any CPU
		{64204BCB-A181-4ABE-961B-51DC5C7CC32A}.Release|Any CPU.ActiveCfg = Release|Any CPU
		{64204BCB-A181-4ABE-961B-51DC5C7CC32A}.Release|Any CPU.Build.0 = Release|Any CPU
	EndGlobalSection
	GlobalSection(SolutionProperties) = preSolution
		HideSolutionNode = FALSE
	EndGlobalSection
	GlobalSection(ExtensibilityGlobals) = postSolution
		SolutionGuid = {9C407BB0-D459-4DA2-B6D4-E78DDD4E633A}
	EndGlobalSection
EndGlobal
